// !$*UTF8*$!
{
	archiveVersion = 1;
	classes = {
	};
	objectVersion = 46;
	objects = {

/* Begin PBXBuildFile section */
		83C92307857CF28B18431F83 /* Pods_CountTest333.framework in Frameworks */ = {isa = PBXBuildFile; fileRef = BD9AEAC0A5238FDC3FD110C2 /* Pods_CountTest333.framework */; };
		ABA500BF1F318C31008C2214 /* AppDelegate.swift in Sources */ = {isa = PBXBuildFile; fileRef = ABA500BE1F318C31008C2214 /* AppDelegate.swift */; };
		ABA500C11F318C31008C2214 /* ViewController.swift in Sources */ = {isa = PBXBuildFile; fileRef = ABA500C01F318C31008C2214 /* ViewController.swift */; };
		ABA500C41F318C31008C2214 /* Main.storyboard in Resources */ = {isa = PBXBuildFile; fileRef = ABA500C21F318C31008C2214 /* Main.storyboard */; };
		ABA500C61F318C31008C2214 /* Assets.xcassets in Resources */ = {isa = PBXBuildFile; fileRef = ABA500C51F318C31008C2214 /* Assets.xcassets */; };
		ABA500C91F318C32008C2214 /* LaunchScreen.storyboard in Resources */ = {isa = PBXBuildFile; fileRef = ABA500C71F318C32008C2214 /* LaunchScreen.storyboard */; };
/* End PBXBuildFile section */

/* Begin PBXFileReference section */
		7D2CC303D2A9902FE705EF91 /* Pods-CountTest333.debug.xcconfig */ = {isa = PBXFileReference; includeInIndex = 1; lastKnownFileType = text.xcconfig; name = "Pods-CountTest333.debug.xcconfig"; path = "Pods/Target Support Files/Pods-CountTest333/Pods-CountTest333.debug.xcconfig"; sourceTree = "<group>"; };
		ABA500BB1F318C31008C2214 /* CountTest333.app */ = {isa = PBXFileReference; explicitFileType = wrapper.application; includeInIndex = 0; path = CountTest333.app; sourceTree = BUILT_PRODUCTS_DIR; };
		ABA500BE1F318C31008C2214 /* AppDelegate.swift */ = {isa = PBXFileReference; lastKnownFileType = sourcecode.swift; path = AppDelegate.swift; sourceTree = "<group>"; };
		ABA500C01F318C31008C2214 /* ViewController.swift */ = {isa = PBXFileReference; lastKnownFileType = sourcecode.swift; path = ViewController.swift; sourceTree = "<group>"; };
		ABA500C31F318C31008C2214 /* Base */ = {isa = PBXFileReference; lastKnownFileType = file.storyboard; name = Base; path = Base.lproj/Main.storyboard; sourceTree = "<group>"; };
		ABA500C51F318C31008C2214 /* Assets.xcassets */ = {isa = PBXFileReference; lastKnownFileType = folder.assetcatalog; path = Assets.xcassets; sourceTree = "<group>"; };
		ABA500C81F318C32008C2214 /* Base */ = {isa = PBXFileReference; lastKnownFileType = file.storyboard; name = Base; path = Base.lproj/LaunchScreen.storyboard; sourceTree = "<group>"; };
		ABA500CA1F318C32008C2214 /* Info.plist */ = {isa = PBXFileReference; lastKnownFileType = text.plist.xml; path = Info.plist; sourceTree = "<group>"; };
		BD9AEAC0A5238FDC3FD110C2 /* Pods_CountTest333.framework */ = {isa = PBXFileReference; explicitFileType = wrapper.framework; includeInIndex = 0; path = Pods_CountTest333.framework; sourceTree = BUILT_PRODUCTS_DIR; };
		E9E00BC89E70F5D2790C2F4E /* Pods-CountTest333.release.xcconfig */ = {isa = PBXFileReference; includeInIndex = 1; lastKnownFileType = text.xcconfig; name = "Pods-CountTest333.release.xcconfig"; path = "Pods/Target Support Files/Pods-CountTest333/Pods-CountTest333.release.xcconfig"; sourceTree = "<group>"; };
/* End PBXFileReference section */

/* Begin PBXFrameworksBuildPhase section */
		ABA500B81F318C31008C2214 /* Frameworks */ = {
			isa = PBXFrameworksBuildPhase;
			buildActionMask = 2147483647;
			files = (
				83C92307857CF28B18431F83 /* Pods_CountTest333.framework in Frameworks */,
			);
			runOnlyForDeploymentPostprocessing = 0;
		};
/* End PBXFrameworksBuildPhase section */

/* Begin PBXGroup section */
		50DCF6504CD02149DEC93195 /* Frameworks */ = {
			isa = PBXGroup;
			children = (
				BD9AEAC0A5238FDC3FD110C2 /* Pods_CountTest333.framework */,
			);
			name = Frameworks;
			sourceTree = "<group>";
		};
		9093B51BC862CFFA88B84B2A /* Pods */ = {
			isa = PBXGroup;
			children = (
				7D2CC303D2A9902FE705EF91 /* Pods-CountTest333.debug.xcconfig */,
				E9E00BC89E70F5D2790C2F4E /* Pods-CountTest333.release.xcconfig */,
			);
			name = Pods;
			sourceTree = "<group>";
		};
		ABA500B21F318C31008C2214 = {
			isa = PBXGroup;
			children = (
				ABA500BD1F318C31008C2214 /* CountTest333 */,
				ABA500BC1F318C31008C2214 /* Products */,
				9093B51BC862CFFA88B84B2A /* Pods */,
				50DCF6504CD02149DEC93195 /* Frameworks */,
			);
			sourceTree = "<group>";
		};
		ABA500BC1F318C31008C2214 /* Products */ = {
			isa = PBXGroup;
			children = (
				ABA500BB1F318C31008C2214 /* CountTest333.app */,
			);
			name = Products;
			sourceTree = "<group>";
		};
		ABA500BD1F318C31008C2214 /* CountTest333 */ = {
			isa = PBXGroup;
			children = (
				ABA500BE1F318C31008C2214 /* AppDelegate.swift */,
				ABA500C01F318C31008C2214 /* ViewController.swift */,
				ABA500C21F318C31008C2214 /* Main.storyboard */,
				ABA500C51F318C31008C2214 /* Assets.xcassets */,
				ABA500C71F318C32008C2214 /* LaunchScreen.storyboard */,
				ABA500CA1F318C32008C2214 /* Info.plist */,
			);
			path = CountTest333;
			sourceTree = "<group>";
		};
/* End PBXGroup section */

/* Begin PBXNativeTarget section */
		ABA500BA1F318C31008C2214 /* CountTest333 */ = {
			isa = PBXNativeTarget;
			buildConfigurationList = ABA500CD1F318C32008C2214 /* Build configuration list for PBXNativeTarget "CountTest333" */;
			buildPhases = (
				3C70FAB6CDBBB2E4858B0DC6 /* [CP] Check Pods Manifest.lock */,
				ABA500B71F318C31008C2214 /* Sources */,
				ABA500B81F318C31008C2214 /* Frameworks */,
				ABA500B91F318C31008C2214 /* Resources */,
				C703FA67842C6E3510F6D0BC /* [CP] Embed Pods Frameworks */,
				84C8C1D53FE132B7FB56C4BF /* [CP] Copy Pods Resources */,
			);
			buildRules = (
			);
			dependencies = (
			);
			name = CountTest333;
			productName = CountTest333;
			productReference = ABA500BB1F318C31008C2214 /* CountTest333.app */;
			productType = "com.apple.product-type.application";
		};
/* End PBXNativeTarget section */

/* Begin PBXProject section */
		ABA500B31F318C31008C2214 /* Project object */ = {
			isa = PBXProject;
			attributes = {
				LastSwiftUpdateCheck = 0830;
				LastUpgradeCheck = 0830;
				ORGANIZATIONNAME = nttr.hirtoki;
				TargetAttributes = {
					ABA500BA1F318C31008C2214 = {
						CreatedOnToolsVersion = 8.3.3;
						ProvisioningStyle = Automatic;
					};
				};
			};
			buildConfigurationList = ABA500B61F318C31008C2214 /* Build configuration list for PBXProject "CountTest333" */;
			compatibilityVersion = "Xcode 3.2";
			developmentRegion = English;
			hasScannedForEncodings = 0;
			knownRegions = (
				en,
				Base,
			);
			mainGroup = ABA500B21F318C31008C2214;
			productRefGroup = ABA500BC1F318C31008C2214 /* Products */;
			projectDirPath = "";
			projectRoot = "";
			targets = (
				ABA500BA1F318C31008C2214 /* CountTest333 */,
			);
		};
/* End PBXProject section */

/* Begin PBXResourcesBuildPhase section */
		ABA500B91F318C31008C2214 /* Resources */ = {
			isa = PBXResourcesBuildPhase;
			buildActionMask = 2147483647;
			files = (
				ABA500C91F318C32008C2214 /* LaunchScreen.storyboard in Resources */,
				ABA500C61F318C31008C2214 /* Assets.xcassets in Resources */,
				ABA500C41F318C31008C2214 /* Main.storyboard in Resources */,
			);
			runOnlyForDeploymentPostprocessing = 0;
		};
/* End PBXResourcesBuildPhase section */

/* Begin PBXShellScriptBuildPhase section */
		3C70FAB6CDBBB2E4858B0DC6 /* [CP] Check Pods Manifest.lock */ = {
			isa = PBXShellScriptBuildPhase;
			buildActionMask = 2147483647;
			files = (
			);
			inputPaths = (
			);
			name = "[CP] Check Pods Manifest.lock";
			outputPaths = (
			);
			runOnlyForDeploymentPostprocessing = 0;
			shellPath = /bin/sh;
			shellScript = "diff \"${PODS_PODFILE_DIR_PATH}/Podfile.lock\" \"${PODS_ROOT}/Manifest.lock\" > /dev/null\nif [ $? != 0 ] ; then\n    # print error to STDERR\n    echo \"error: The sandbox is not in sync with the Podfile.lock. Run 'pod install' or update your CocoaPods installation.\" >&2\n    exit 1\nfi\n";
			showEnvVarsInLog = 0;
		};
		84C8C1D53FE132B7FB56C4BF /* [CP] Copy Pods Resources */ = {
			isa = PBXShellScriptBuildPhase;
			buildActionMask = 2147483647;
			files = (
			);
			inputPaths = (
			);
			name = "[CP] Copy Pods Resources";
			outputPaths = (
			);
			runOnlyForDeploymentPostprocessing = 0;
			shellPath = /bin/sh;
			shellScript = "\"${SRCROOT}/Pods/Target Support Files/Pods-CountTest333/Pods-CountTest333-resources.sh\"\n";
			showEnvVarsInLog = 0;
		};
		C703FA67842C6E3510F6D0BC /* [CP] Embed Pods Frameworks */ = {
			isa = PBXShellScriptBuildPhase;
			buildActionMask = 2147483647;
			files = (
			);
			inputPaths = (
			);
			name = "[CP] Embed Pods Frameworks";
			outputPaths = (
			);
			runOnlyForDeploymentPostprocessing = 0;
			shellPath = /bin/sh;
			shellScript = "\"${SRCROOT}/Pods/Target Support Files/Pods-CountTest333/Pods-CountTest333-frameworks.sh\"\n";
			showEnvVarsInLog = 0;
		};
/* End PBXShellScriptBuildPhase section */

/* Begin PBXSourcesBuildPhase section */
		ABA500B71F318C31008C2214 /* Sources */ = {
			isa = PBXSourcesBuildPhase;
			buildActionMask = 2147483647;
			files = (
				ABA500C11F318C31008C2214 /* ViewController.swift in Sources */,
				ABA500BF1F318C31008C2214 /* AppDelegate.swift in Sources */,
			);
			runOnlyForDeploymentPostprocessing = 0;
		};
/* End PBXSourcesBuildPhase section */

/* Begin PBXVariantGroup section */
		ABA500C21F318C31008C2214 /* Main.storyboard */ = {
			isa = PBXVariantGroup;
			children = (
				ABA500C31F318C31008C2214 /* Base */,
			);
			name = Main.storyboard;
			sourceTree = "<group>";
		};
		ABA500C71F318C32008C2214 /* LaunchScreen.storyboard */ = {
			isa = PBXVariantGroup;
			children = (
				ABA500C81F318C32008C2214 /* Base */,
			);
			name = LaunchScreen.storyboard;
			sourceTree = "<group>";
		};
/* End PBXVariantGroup section */

/* Begin XCBuildConfiguration section */
		ABA500CB1F318C32008C2214 /* Debug */ = {
			isa = XCBuildConfiguration;
			buildSettings = {
				ALWAYS_SEARCH_USER_PATHS = NO;
				CLANG_ANALYZER_NONNULL = YES;
				CLANG_ANALYZER_NUMBER_OBJECT_CONVERSION = YES_AGGRESSIVE;
				CLANG_CXX_LANGUAGE_STANDARD = "gnu++0x";
				CLANG_CXX_LIBRARY = "libc++";
				CLANG_ENABLE_MODULES = YES;
				CLANG_ENABLE_OBJC_ARC = YES;
				CLANG_WARN_BOOL_CONVERSION = YES;
				CLANG_WARN_CONSTANT_CONVERSION = YES;
				CLANG_WARN_DIRECT_OBJC_ISA_USAGE = YES_ERROR;
				CLANG_WARN_DOCUMENTATION_COMMENTS = YES;
				CLANG_WARN_EMPTY_BODY = YES;
				CLANG_WARN_ENUM_CONVERSION = YES;
				CLANG_WARN_INFINITE_RECURSION = YES;
				CLANG_WARN_INT_CONVERSION = YES;
				CLANG_WARN_OBJC_ROOT_CLASS = YES_ERROR;
				CLANG_WARN_SUSPICIOUS_MOVE = YES;
				CLANG_WARN_UNREACHABLE_CODE = YES;
				CLANG_WARN__DUPLICATE_METHOD_MATCH = YES;
				"CODE_SIGN_IDENTITY[sdk=iphoneos*]" = "iPhone Developer";
				COPY_PHASE_STRIP = NO;
				DEBUG_INFORMATION_FORMAT = dwarf;
				ENABLE_STRICT_OBJC_MSGSEND = YES;
				ENABLE_TESTABILITY = YES;
				GCC_C_LANGUAGE_STANDARD = gnu99;
				GCC_DYNAMIC_NO_PIC = NO;
				GCC_NO_COMMON_BLOCKS = YES;
				GCC_OPTIMIZATION_LEVEL = 0;
				GCC_PREPROCESSOR_DEFINITIONS = (
					"DEBUG=1",
					"$(inherited)",
				);
				GCC_WARN_64_TO_32_BIT_CONVERSION = YES;
				GCC_WARN_ABOUT_RETURN_TYPE = YES_ERROR;
				GCC_WARN_UNDECLARED_SELECTOR = YES;
				GCC_WARN_UNINITIALIZED_AUTOS = YES_AGGRESSIVE;
				GCC_WARN_UNUSED_FUNCTION = YES;
				GCC_WARN_UNUSED_VARIABLE = YES;
				IPHONEOS_DEPLOYMENT_TARGET = 10.3;
				MTL_ENABLE_DEBUG_INFO = YES;
				ONLY_ACTIVE_ARCH = YES;
				SDKROOT = iphoneos;
				SWIFT_ACTIVE_COMPILATION_CONDITIONS = DEBUG;
				SWIFT_OPTIMIZATION_LEVEL = "-Onone";
				TARGETED_DEVICE_FAMILY = "1,2";
			};
			name = Debug;
		};
		ABA500CC1F318C32008C2214 /* Release */ = {
			isa = XCBuildConfiguration;
			buildSettings = {
				ALWAYS_SEARCH_USER_PATHS = NO;
				CLANG_ANALYZER_NONNULL = YES;
				CLANG_ANALYZER_NUMBER_OBJECT_CONVERSION = YES_AGGRESSIVE;
				CLANG_CXX_LANGUAGE_STANDARD = "gnu++0x";
				CLANG_CXX_LIBRARY = "libc++";
				CLANG_ENABLE_MODULES = YES;
				CLANG_ENABLE_OBJC_ARC = YES;
				CLANG_WARN_BOOL_CONVERSION = YES;
				CLANG_WARN_CONSTANT_CONVERSION = YES;
				CLANG_WARN_DIRECT_OBJC_ISA_USAGE = YES_ERROR;
				CLANG_WARN_DOCUMENTATION_COMMENTS = YES;
				CLANG_WARN_EMPTY_BODY = YES;
				CLANG_WARN_ENUM_CONVERSION = YES;
				CLANG_WARN_INFINITE_RECURSION = YES;
				CLANG_WARN_INT_CONVERSION = YES;
				CLANG_WARN_OBJC_ROOT_CLASS = YES_ERROR;
				CLANG_WARN_SUSPICIOUS_MOVE = YES;
				CLANG_WARN_UNREACHABLE_CODE = YES;
				CLANG_WARN__DUPLICATE_METHOD_MATCH = YES;
				"CODE_SIGN_IDENTITY[sdk=iphoneos*]" = "iPhone Developer";
				COPY_PHASE_STRIP = NO;
				DEBUG_INFORMATION_FORMAT = "dwarf-with-dsym";
				ENABLE_NS_ASSERTIONS = NO;
				ENABLE_STRICT_OBJC_MSGSEND = YES;
				GCC_C_LANGUAGE_STANDARD = gnu99;
				GCC_NO_COMMON_BLOCKS = YES;
				GCC_WARN_64_TO_32_BIT_CONVERSION = YES;
				GCC_WARN_ABOUT_RETURN_TYPE = YES_ERROR;
				GCC_WARN_UNDECLARED_SELECTOR = YES;
				GCC_WARN_UNINITIALIZED_AUTOS = YES_AGGRESSIVE;
				GCC_WARN_UNUSED_FUNCTION = YES;
				GCC_WARN_UNUSED_VARIABLE = YES;
				IPHONEOS_DEPLOYMENT_TARGET = 10.3;
				MTL_ENABLE_DEBUG_INFO = NO;
				SDKROOT = iphoneos;
				SWIFT_OPTIMIZATION_LEVEL = "-Owholemodule";
				TARGETED_DEVICE_FAMILY = "1,2";
				VALIDATE_PRODUCT = YES;
			};
			name = Release;
		};
		ABA500CE1F318C32008C2214 /* Debug */ = {
			isa = XCBuildConfiguration;
			baseConfigurationReference = 7D2CC303D2A9902FE705EF91 /* Pods-CountTest333.debug.xcconfig */;
			buildSettings = {
				ASSETCATALOG_COMPILER_APPICON_NAME = AppIcon;
				INFOPLIST_FILE = CountTest333/Info.plist;
				LD_RUNPATH_SEARCH_PATHS = "$(inherited) @executable_path/Frameworks";
				PRODUCT_BUNDLE_IDENTIFIER = com.hirokisato.CountTest333;
				PRODUCT_NAME = "$(TARGET_NAME)";
				SWIFT_VERSION = 3.0;
			};
			name = Debug;
		};
		ABA500CF1F318C32008C2214 /* Release */ = {
			isa = XCBuildConfiguration;
			baseConfigurationReference = E9E00BC89E70F5D2790C2F4E /* Pods-CountTest333.release.xcconfig */;
			buildSettings = {
				ASSETCATALOG_COMPILER_APPICON_NAME = AppIcon;
				INFOPLIST_FILE = CountTest333/Info.plist;
				LD_RUNPATH_SEARCH_PATHS = "$(inherited) @executable_path/Frameworks";
				PRODUCT_BUNDLE_IDENTIFIER = com.hirokisato.CountTest333;
				PRODUCT_NAME = "$(TARGET_NAME)";
				SWIFT_VERSION = 3.0;
			};
			name = Release;
		};
/* End XCBuildConfiguration section */

/* Begin XCConfigurationList section */
		ABA500B61F318C31008C2214 /* Build configuration list for PBXProject "CountTest333" */ = {
			isa = XCConfigurationList;
			buildConfigurations = (
				ABA500CB1F318C32008C2214 /* Debug */,
				ABA500CC1F318C32008C2214 /* Release */,
			);
			defaultConfigurationIsVisible = 0;
			defaultConfigurationName = Release;
		};
		ABA500CD1F318C32008C2214 /* Build configuration list for PBXNativeTarget "CountTest333" */ = {
			isa = XCConfigurationList;
			buildConfigurations = (
				ABA500CE1F318C32008C2214 /* Debug */,
				ABA500CF1F318C32008C2214 /* Release */,
			);
			defaultConfigurationIsVisible = 0;
		};
/* End XCConfigurationList section */
	};
	rootObject = ABA500B31F318C31008C2214 /* Project object */;
}
